
Microsoft Visual Studio Solution File, Format Version 12.00
# Visual Studio Version 16
VisualStudioVersion = 16.0.31321.278
MinimumVisualStudioVersion = 10.0.40219.1
Project("{9A19103F-16F7-4668-BE54-9A1E7A4F7556}") = "Demo03.miWebAPI", "Demo03.miWebAPI\Demo03.miWebAPI.csproj", "{B375EAE0-8D1A-4C48-B8A9-B038602DF56B}"
EndProject
Project("{9A19103F-16F7-4668-BE54-9A1E7A4F7556}") = "Demo03.BusinessLayer", "Demo03.BusinessLayer\Demo03.BusinessLayer.csproj", "{A057E7ED-C605-4273-A9B8-396BBC2C8850}"
EndProject
Project("{FAE04EC0-301F-11D3-BF4B-00C04F79EFBC}") = "Demo03.DataLayer", "Demo03.DataLayer\Demo03.DataLayer.csproj", "{02512CBC-10BB-45A0-8700-DD30223C6434}"
EndProject
Project("{2150E333-8FDC-42A3-9474-1A3956D46DE8}") = "01. DataLayer", "01. DataLayer", "{0AE81BB4-7FA0-463F-ACCF-330453371D54}"
EndProject
Project("{2150E333-8FDC-42A3-9474-1A3956D46DE8}") = "02. Business Layer", "02. Business Layer", "{8986F2D6-DF0E-4CF2-B61F-B57828C55C7C}"
EndProject
Project("{2150E333-8FDC-42A3-9474-1A3956D46DE8}") = "03. API", "03. API", "{01C177E9-57FD-4D07-914B-869FB09AF579}"
EndProject
Global
	GlobalSection(SolutionConfigurationPlatforms) = preSolution
		Debug|Any CPU = Debug|Any CPU
		Release|Any CPU = Release|Any CPU
	EndGlobalSection
	GlobalSection(ProjectConfigurationPlatforms) = postSolution
		{B375EAE0-8D1A-4C48-B8A9-B038602DF56B}.Debug|Any CPU.ActiveCfg = Debug|Any CPU
		{B375EAE0-8D1A-4C48-B8A9-B038602DF56B}.Debug|Any CPU.Build.0 = Debug|Any CPU
		{B375EAE0-8D1A-4C48-B8A9-B038602DF56B}.Release|Any CPU.ActiveCfg = Release|Any CPU
		{B375EAE0-8D1A-4C48-B8A9-B038602DF56B}.Release|Any CPU.Build.0 = Release|Any CPU
		{A057E7ED-C605-4273-A9B8-396BBC2C8850}.Debug|Any CPU.ActiveCfg = Debug|Any CPU
		{A057E7ED-C605-4273-A9B8-396BBC2C8850}.Debug|Any CPU.Build.0 = Debug|Any CPU
		{A057E7ED-C605-4273-A9B8-396BBC2C8850}.Release|Any CPU.ActiveCfg = Release|Any CPU
		{A057E7ED-C605-4273-A9B8-396BBC2C8850}.Release|Any CPU.Build.0 = Release|Any CPU
		{02512CBC-10BB-45A0-8700-DD30223C6434}.Debug|Any CPU.ActiveCfg = Debug|Any CPU
		{02512CBC-10BB-45A0-8700-DD30223C6434}.Debug|Any CPU.Build.0 = Debug|Any CPU
		{02512CBC-10BB-45A0-8700-DD30223C6434}.Release|Any CPU.ActiveCfg = Release|Any CPU
		{02512CBC-10BB-45A0-8700-DD30223C6434}.Release|Any CPU.Build.0 = Release|Any CPU
	EndGlobalSection
	GlobalSection(SolutionProperties) = preSolution
		HideSolutionNode = FALSE
	EndGlobalSection
	GlobalSection(NestedProjects) = preSolution
		{B375EAE0-8D1A-4C48-B8A9-B038602DF56B} = {01C177E9-57FD-4D07-914B-869FB09AF579}
		{A057E7ED-C605-4273-A9B8-396BBC2C8850} = {8986F2D6-DF0E-4CF2-B61F-B57828C55C7C}
		{02512CBC-10BB-45A0-8700-DD30223C6434} = {0AE81BB4-7FA0-463F-ACCF-330453371D54}
	EndGlobalSection
	GlobalSection(ExtensibilityGlobals) = postSolution
		SolutionGuid = {94BBE440-E57D-4263-8A6B-81BE6B6432F3}
	EndGlobalSection
EndGlobal
