
Microsoft Visual Studio Solution File, Format Version 12.00
# Visual Studio Version 16
VisualStudioVersion = 16.0.31321.278
MinimumVisualStudioVersion = 10.0.40219.1
Project("{FAE04EC0-301F-11D3-BF4B-00C04F79EFBC}") = "webAPI", "webAPI\webAPI.csproj", "{D1290C07-2200-422C-B134-C7619DED7988}"
EndProject
Global
	GlobalSection(SolutionConfigurationPlatforms) = preSolution
		Debug|Any CPU = Debug|Any CPU
		Release|Any CPU = Release|Any CPU
	EndGlobalSection
	GlobalSection(ProjectConfigurationPlatforms) = postSolution
		{D1290C07-2200-422C-B134-C7619DED7988}.Debug|Any CPU.ActiveCfg = Debug|Any CPU
		{D1290C07-2200-422C-B134-C7619DED7988}.Debug|Any CPU.Build.0 = Debug|Any CPU
		{D1290C07-2200-422C-B134-C7619DED7988}.Release|Any CPU.ActiveCfg = Release|Any CPU
		{D1290C07-2200-422C-B134-C7619DED7988}.Release|Any CPU.Build.0 = Release|Any CPU
	EndGlobalSection
	GlobalSection(SolutionProperties) = preSolution
		HideSolutionNode = FALSE
	EndGlobalSection
	GlobalSection(ExtensibilityGlobals) = postSolution
		SolutionGuid = {45853F83-C138-4225-979F-DB5BD034A1BB}
	EndGlobalSection
EndGlobal
